
Microsoft Visual Studio Solution File, Format Version 12.00
# Visual Studio 15
VisualStudioVersion = 15.0.28307.329
MinimumVisualStudioVersion = 10.0.40219.1
Project("{FAE04EC0-301F-11D3-BF4B-00C04F79EFBC}") = "AdapterNoCache", "AdapterNoCache\AdapterNoCache.csproj", "{1BD448F9-DA76-4BBB-8368-EB4F7FB29239}"
EndProject
Global
	GlobalSection(SolutionConfigurationPlatforms) = preSolution
		Debug|Any CPU = Debug|Any CPU
		Release|Any CPU = Release|Any CPU
	EndGlobalSection
	GlobalSection(ProjectConfigurationPlatforms) = postSolution
		{1BD448F9-DA76-4BBB-8368-EB4F7FB29239}.Debug|Any CPU.ActiveCfg = Debug|Any CPU
		{1BD448F9-DA76-4BBB-8368-EB4F7FB29239}.Debug|Any CPU.Build.0 = Debug|Any CPU
		{1BD448F9-DA76-4BBB-8368-EB4F7FB29239}.Release|Any CPU.ActiveCfg = Release|Any CPU
		{1BD448F9-DA76-4BBB-8368-EB4F7FB29239}.Release|Any CPU.Build.0 = Release|Any CPU
	EndGlobalSection
	GlobalSection(SolutionProperties) = preSolution
		HideSolutionNode = FALSE
	EndGlobalSection
	GlobalSection(ExtensibilityGlobals) = postSolution
		SolutionGuid = {0452743B-1E94-45EA-98DB-D03FB9F57AF8}
	EndGlobalSection
EndGlobal
