
Microsoft Visual Studio Solution File, Format Version 12.00
# Visual Studio 15
VisualStudioVersion = 15.0.28307.329
MinimumVisualStudioVersion = 10.0.40219.1
Project("{FAE04EC0-301F-11D3-BF4B-00C04F79EFBC}") = "PerThread", "PerThread\PerThread.csproj", "{C07BB413-696A-4217-82A2-8524A296B4FE}"
EndProject
Global
	GlobalSection(SolutionConfigurationPlatforms) = preSolution
		Debug|Any CPU = Debug|Any CPU
		Release|Any CPU = Release|Any CPU
	EndGlobalSection
	GlobalSection(ProjectConfigurationPlatforms) = postSolution
		{C07BB413-696A-4217-82A2-8524A296B4FE}.Debug|Any CPU.ActiveCfg = Debug|Any CPU
		{C07BB413-696A-4217-82A2-8524A296B4FE}.Debug|Any CPU.Build.0 = Debug|Any CPU
		{C07BB413-696A-4217-82A2-8524A296B4FE}.Release|Any CPU.ActiveCfg = Release|Any CPU
		{C07BB413-696A-4217-82A2-8524A296B4FE}.Release|Any CPU.Build.0 = Release|Any CPU
	EndGlobalSection
	GlobalSection(SolutionProperties) = preSolution
		HideSolutionNode = FALSE
	EndGlobalSection
	GlobalSection(ExtensibilityGlobals) = postSolution
		SolutionGuid = {980CAC20-4D4D-4B8C-90B6-1ED5700DAC9D}
	EndGlobalSection
EndGlobal
